
Microsoft Visual Studio Solution File, Format Version 12.00
# Visual Studio Version 17
VisualStudioVersion = 17.10.35027.167
MinimumVisualStudioVersion = 10.0.40219.1
Project("{FAE04EC0-301F-11D3-BF4B-00C04F79EFBC}") = "Genericos", "Genericos.csproj", "{69E32CBB-BAD7-4314-929F-87BAAF2A1A90}"
EndProject
Global
	GlobalSection(SolutionConfigurationPlatforms) = preSolution
		Debug|Any CPU = Debug|Any CPU
		Release|Any CPU = Release|Any CPU
	EndGlobalSection
	GlobalSection(ProjectConfigurationPlatforms) = postSolution
		{69E32CBB-BAD7-4314-929F-87BAAF2A1A90}.Debug|Any CPU.ActiveCfg = Debug|Any CPU
		{69E32CBB-BAD7-4314-929F-87BAAF2A1A90}.Debug|Any CPU.Build.0 = Debug|Any CPU
		{69E32CBB-BAD7-4314-929F-87BAAF2A1A90}.Release|Any CPU.ActiveCfg = Release|Any CPU
		{69E32CBB-BAD7-4314-929F-87BAAF2A1A90}.Release|Any CPU.Build.0 = Release|Any CPU
	EndGlobalSection
	GlobalSection(SolutionProperties) = preSolution
		HideSolutionNode = FALSE
	EndGlobalSection
	GlobalSection(ExtensibilityGlobals) = postSolution
		SolutionGuid = {93B0868E-00A1-4145-9B63-44427F8AF223}
	EndGlobalSection
EndGlobal
